// !$*UTF8*$!
{
	archiveVersion = 1;
	classes = {
	};
	objectVersion = 46;
	objects = {

/* Begin PBXBuildFile section */
		D472F1251C228B340070F8C4 /* main.m in Sources */ = {isa = PBXBuildFile; fileRef = D472F1241C228B340070F8C4 /* main.m */; };
		D472F1281C228B340070F8C4 /* AppDelegate.m in Sources */ = {isa = PBXBuildFile; fileRef = D472F1271C228B340070F8C4 /* AppDelegate.m */; };
		D472F12B1C228B340070F8C4 /* ViewController.m in Sources */ = {isa = PBXBuildFile; fileRef = D472F12A1C228B340070F8C4 /* ViewController.m */; };
		D472F12E1C228B340070F8C4 /* Main.storyboard in Resources */ = {isa = PBXBuildFile; fileRef = D472F12C1C228B340070F8C4 /* Main.storyboard */; };
		D472F1301C228B340070F8C4 /* Assets.xcassets in Resources */ = {isa = PBXBuildFile; fileRef = D472F12F1C228B340070F8C4 /* Assets.xcassets */; };
		D472F1331C228B340070F8C4 /* LaunchScreen.storyboard in Resources */ = {isa = PBXBuildFile; fileRef = D472F1311C228B340070F8C4 /* LaunchScreen.storyboard */; };
		D472F13E1C228B5B0070F8C4 /* DeviceAccessViewController.m in Sources */ = {isa = PBXBuildFile; fileRef = D472F13C1C228B5B0070F8C4 /* DeviceAccessViewController.m */; };
		D472F13F1C228B5B0070F8C4 /* DeviceAccessViewController.xib in Resources */ = {isa = PBXBuildFile; fileRef = D472F13D1C228B5B0070F8C4 /* DeviceAccessViewController.xib */; };
		D472F1411C228D800070F8C4 /* DAMedia.xcassets in Resources */ = {isa = PBXBuildFile; fileRef = D472F1401C228D800070F8C4 /* DAMedia.xcassets */; };
/* End PBXBuildFile section */

/* Begin PBXFileReference section */
		D472F1201C228B340070F8C4 /* DeviceAccessDemo.app */ = {isa = PBXFileReference; explicitFileType = wrapper.application; includeInIndex = 0; path = DeviceAccessDemo.app; sourceTree = BUILT_PRODUCTS_DIR; };
		D472F1241C228B340070F8C4 /* main.m */ = {isa = PBXFileReference; lastKnownFileType = sourcecode.c.objc; path = main.m; sourceTree = "<group>"; };
		D472F1261C228B340070F8C4 /* AppDelegate.h */ = {isa = PBXFileReference; lastKnownFileType = sourcecode.c.h; path = AppDelegate.h; sourceTree = "<group>"; };
		D472F1271C228B340070F8C4 /* AppDelegate.m */ = {isa = PBXFileReference; lastKnownFileType = sourcecode.c.objc; path = AppDelegate.m; sourceTree = "<group>"; };
		D472F1291C228B340070F8C4 /* ViewController.h */ = {isa = PBXFileReference; lastKnownFileType = sourcecode.c.h; path = ViewController.h; sourceTree = "<group>"; };
		D472F12A1C228B340070F8C4 /* ViewController.m */ = {isa = PBXFileReference; lastKnownFileType = sourcecode.c.objc; path = ViewController.m; sourceTree = "<group>"; };
		D472F12D1C228B340070F8C4 /* Base */ = {isa = PBXFileReference; lastKnownFileType = file.storyboard; name = Base; path = Base.lproj/Main.storyboard; sourceTree = "<group>"; };
		D472F12F1C228B340070F8C4 /* Assets.xcassets */ = {isa = PBXFileReference; lastKnownFileType = folder.assetcatalog; path = Assets.xcassets; sourceTree = "<group>"; };
		D472F1321C228B340070F8C4 /* Base */ = {isa = PBXFileReference; lastKnownFileType = file.storyboard; name = Base; path = Base.lproj/LaunchScreen.storyboard; sourceTree = "<group>"; };
		D472F1341C228B340070F8C4 /* Info.plist */ = {isa = PBXFileReference; lastKnownFileType = text.plist.xml; path = Info.plist; sourceTree = "<group>"; };
		D472F13B1C228B5B0070F8C4 /* DeviceAccessViewController.h */ = {isa = PBXFileReference; fileEncoding = 4; lastKnownFileType = sourcecode.c.h; name = DeviceAccessViewController.h; path = DeviceAccessViewController/DeviceAccessViewController.h; sourceTree = "<group>"; };
		D472F13C1C228B5B0070F8C4 /* DeviceAccessViewController.m */ = {isa = PBXFileReference; fileEncoding = 4; lastKnownFileType = sourcecode.c.objc; name = DeviceAccessViewController.m; path = DeviceAccessViewController/DeviceAccessViewController.m; sourceTree = "<group>"; };
		D472F13D1C228B5B0070F8C4 /* DeviceAccessViewController.xib */ = {isa = PBXFileReference; fileEncoding = 4; lastKnownFileType = file.xib; name = DeviceAccessViewController.xib; path = DeviceAccessViewController/DeviceAccessViewController.xib; sourceTree = "<group>"; };
		D472F1401C228D800070F8C4 /* DAMedia.xcassets */ = {isa = PBXFileReference; lastKnownFileType = folder.assetcatalog; path = DAMedia.xcassets; sourceTree = "<group>"; };
/* End PBXFileReference section */

/* Begin PBXFrameworksBuildPhase section */
		D472F11D1C228B340070F8C4 /* Frameworks */ = {
			isa = PBXFrameworksBuildPhase;
			buildActionMask = 2147483647;
			files = (
			);
			runOnlyForDeploymentPostprocessing = 0;
		};
/* End PBXFrameworksBuildPhase section */

/* Begin PBXGroup section */
		D472F1171C228B340070F8C4 = {
			isa = PBXGroup;
			children = (
				D472F13A1C228B3E0070F8C4 /* DeviceAccessViewController */,
				D472F1221C228B340070F8C4 /* DeviceAccessDemo */,
				D472F1211C228B340070F8C4 /* Products */,
			);
			sourceTree = "<group>";
		};
		D472F1211C228B340070F8C4 /* Products */ = {
			isa = PBXGroup;
			children = (
				D472F1201C228B340070F8C4 /* DeviceAccessDemo.app */,
			);
			name = Products;
			sourceTree = "<group>";
		};
		D472F1221C228B340070F8C4 /* DeviceAccessDemo */ = {
			isa = PBXGroup;
			children = (
				D472F1261C228B340070F8C4 /* AppDelegate.h */,
				D472F1271C228B340070F8C4 /* AppDelegate.m */,
				D472F1291C228B340070F8C4 /* ViewController.h */,
				D472F12A1C228B340070F8C4 /* ViewController.m */,
				D472F12C1C228B340070F8C4 /* Main.storyboard */,
				D472F12F1C228B340070F8C4 /* Assets.xcassets */,
				D472F1311C228B340070F8C4 /* LaunchScreen.storyboard */,
				D472F1341C228B340070F8C4 /* Info.plist */,
				D472F1231C228B340070F8C4 /* Supporting Files */,
			);
			path = DeviceAccessDemo;
			sourceTree = "<group>";
		};
		D472F1231C228B340070F8C4 /* Supporting Files */ = {
			isa = PBXGroup;
			children = (
				D472F1241C228B340070F8C4 /* main.m */,
			);
			name = "Supporting Files";
			sourceTree = "<group>";
		};
		D472F13A1C228B3E0070F8C4 /* DeviceAccessViewController */ = {
			isa = PBXGroup;
			children = (
				D472F13B1C228B5B0070F8C4 /* DeviceAccessViewController.h */,
				D472F13C1C228B5B0070F8C4 /* DeviceAccessViewController.m */,
				D472F13D1C228B5B0070F8C4 /* DeviceAccessViewController.xib */,
				D472F1401C228D800070F8C4 /* DAMedia.xcassets */,
			);
			name = DeviceAccessViewController;
			sourceTree = "<group>";
		};
/* End PBXGroup section */

/* Begin PBXNativeTarget section */
		D472F11F1C228B340070F8C4 /* DeviceAccessDemo */ = {
			isa = PBXNativeTarget;
			buildConfigurationList = D472F1371C228B340070F8C4 /* Build configuration list for PBXNativeTarget "DeviceAccessDemo" */;
			buildPhases = (
				D472F11C1C228B340070F8C4 /* Sources */,
				D472F11D1C228B340070F8C4 /* Frameworks */,
				D472F11E1C228B340070F8C4 /* Resources */,
			);
			buildRules = (
			);
			dependencies = (
			);
			name = DeviceAccessDemo;
			productName = DeviceAccessDemo;
			productReference = D472F1201C228B340070F8C4 /* DeviceAccessDemo.app */;
			productType = "com.apple.product-type.application";
		};
/* End PBXNativeTarget section */

/* Begin PBXProject section */
		D472F1181C228B340070F8C4 /* Project object */ = {
			isa = PBXProject;
			attributes = {
				LastUpgradeCheck = 0720;
				ORGANIZATIONNAME = gerinn;
				TargetAttributes = {
					D472F11F1C228B340070F8C4 = {
						CreatedOnToolsVersion = 7.2;
					};
				};
			};
			buildConfigurationList = D472F11B1C228B340070F8C4 /* Build configuration list for PBXProject "DeviceAccessDemo" */;
			compatibilityVersion = "Xcode 3.2";
			developmentRegion = English;
			hasScannedForEncodings = 0;
			knownRegions = (
				en,
				Base,
			);
			mainGroup = D472F1171C228B340070F8C4;
			productRefGroup = D472F1211C228B340070F8C4 /* Products */;
			projectDirPath = "";
			projectRoot = "";
			targets = (
				D472F11F1C228B340070F8C4 /* DeviceAccessDemo */,
			);
		};
/* End PBXProject section */

/* Begin PBXResourcesBuildPhase section */
		D472F11E1C228B340070F8C4 /* Resources */ = {
			isa = PBXResourcesBuildPhase;
			buildActionMask = 2147483647;
			files = (
				D472F13F1C228B5B0070F8C4 /* DeviceAccessViewController.xib in Resources */,
				D472F1331C228B340070F8C4 /* LaunchScreen.storyboard in Resources */,
				D472F1301C228B340070F8C4 /* Assets.xcassets in Resources */,
				D472F1411C228D800070F8C4 /* DAMedia.xcassets in Resources */,
				D472F12E1C228B340070F8C4 /* Main.storyboard in Resources */,
			);
			runOnlyForDeploymentPostprocessing = 0;
		};
/* End PBXResourcesBuildPhase section */

/* Begin PBXSourcesBuildPhase section */
		D472F11C1C228B340070F8C4 /* Sources */ = {
			isa = PBXSourcesBuildPhase;
			buildActionMask = 2147483647;
			files = (
				D472F13E1C228B5B0070F8C4 /* DeviceAccessViewController.m in Sources */,
				D472F12B1C228B340070F8C4 /* ViewController.m in Sources */,
				D472F1281C228B340070F8C4 /* AppDelegate.m in Sources */,
				D472F1251C228B340070F8C4 /* main.m in Sources */,
			);
			runOnlyForDeploymentPostprocessing = 0;
		};
/* End PBXSourcesBuildPhase section */

/* Begin PBXVariantGroup section */
		D472F12C1C228B340070F8C4 /* Main.storyboard */ = {
			isa = PBXVariantGroup;
			children = (
				D472F12D1C228B340070F8C4 /* Base */,
			);
			name = Main.storyboard;
			sourceTree = "<group>";
		};
		D472F1311C228B340070F8C4 /* LaunchScreen.storyboard */ = {
			isa = PBXVariantGroup;
			children = (
				D472F1321C228B340070F8C4 /* Base */,
			);
			name = LaunchScreen.storyboard;
			sourceTree = "<group>";
		};
/* End PBXVariantGroup section */

/* Begin XCBuildConfiguration section */
		D472F1351C228B340070F8C4 /* Debug */ = {
			isa = XCBuildConfiguration;
			buildSettings = {
				ALWAYS_SEARCH_USER_PATHS = NO;
				CLANG_CXX_LANGUAGE_STANDARD = "gnu++0x";
				CLANG_CXX_LIBRARY = "libc++";
				CLANG_ENABLE_MODULES = YES;
				CLANG_ENABLE_OBJC_ARC = YES;
				CLANG_WARN_BOOL_CONVERSION = YES;
				CLANG_WARN_CONSTANT_CONVERSION = YES;
				CLANG_WARN_DIRECT_OBJC_ISA_USAGE = YES_ERROR;
				CLANG_WARN_EMPTY_BODY = YES;
				CLANG_WARN_ENUM_CONVERSION = YES;
				CLANG_WARN_INT_CONVERSION = YES;
				CLANG_WARN_OBJC_ROOT_CLASS = YES_ERROR;
				CLANG_WARN_UNREACHABLE_CODE = YES;
				CLANG_WARN__DUPLICATE_METHOD_MATCH = YES;
				"CODE_SIGN_IDENTITY[sdk=iphoneos*]" = "iPhone Developer";
				COPY_PHASE_STRIP = NO;
				DEBUG_INFORMATION_FORMAT = dwarf;
				ENABLE_STRICT_OBJC_MSGSEND = YES;
				ENABLE_TESTABILITY = YES;
				GCC_C_LANGUAGE_STANDARD = gnu99;
				GCC_DYNAMIC_NO_PIC = NO;
				GCC_NO_COMMON_BLOCKS = YES;
				GCC_OPTIMIZATION_LEVEL = 0;
				GCC_PREPROCESSOR_DEFINITIONS = (
					"DEBUG=1",
					"$(inherited)",
				);
				GCC_WARN_64_TO_32_BIT_CONVERSION = YES;
				GCC_WARN_ABOUT_RETURN_TYPE = YES_ERROR;
				GCC_WARN_UNDECLARED_SELECTOR = YES;
				GCC_WARN_UNINITIALIZED_AUTOS = YES_AGGRESSIVE;
				GCC_WARN_UNUSED_FUNCTION = YES;
				GCC_WARN_UNUSED_VARIABLE = YES;
				IPHONEOS_DEPLOYMENT_TARGET = 9.2;
				MTL_ENABLE_DEBUG_INFO = YES;
				ONLY_ACTIVE_ARCH = YES;
				SDKROOT = iphoneos;
			};
			name = Debug;
		};
		D472F1361C228B340070F8C4 /* Release */ = {
			isa = XCBuildConfiguration;
			buildSettings = {
				ALWAYS_SEARCH_USER_PATHS = NO;
				CLANG_CXX_LANGUAGE_STANDARD = "gnu++0x";
				CLANG_CXX_LIBRARY = "libc++";
				CLANG_ENABLE_MODULES = YES;
				CLANG_ENABLE_OBJC_ARC = YES;
				CLANG_WARN_BOOL_CONVERSION = YES;
				CLANG_WARN_CONSTANT_CONVERSION = YES;
				CLANG_WARN_DIRECT_OBJC_ISA_USAGE = YES_ERROR;
				CLANG_WARN_EMPTY_BODY = YES;
				CLANG_WARN_ENUM_CONVERSION = YES;
				CLANG_WARN_INT_CONVERSION = YES;
				CLANG_WARN_OBJC_ROOT_CLASS = YES_ERROR;
				CLANG_WARN_UNREACHABLE_CODE = YES;
				CLANG_WARN__DUPLICATE_METHOD_MATCH = YES;
				"CODE_SIGN_IDENTITY[sdk=iphoneos*]" = "iPhone Developer";
				COPY_PHASE_STRIP = NO;
				DEBUG_INFORMATION_FORMAT = "dwarf-with-dsym";
				ENABLE_NS_ASSERTIONS = NO;
				ENABLE_STRICT_OBJC_MSGSEND = YES;
				GCC_C_LANGUAGE_STANDARD = gnu99;
				GCC_NO_COMMON_BLOCKS = YES;
				GCC_WARN_64_TO_32_BIT_CONVERSION = YES;
				GCC_WARN_ABOUT_RETURN_TYPE = YES_ERROR;
				GCC_WARN_UNDECLARED_SELECTOR = YES;
				GCC_WARN_UNINITIALIZED_AUTOS = YES_AGGRESSIVE;
				GCC_WARN_UNUSED_FUNCTION = YES;
				GCC_WARN_UNUSED_VARIABLE = YES;
				IPHONEOS_DEPLOYMENT_TARGET = 9.2;
				MTL_ENABLE_DEBUG_INFO = NO;
				SDKROOT = iphoneos;
				VALIDATE_PRODUCT = YES;
			};
			name = Release;
		};
		D472F1381C228B340070F8C4 /* Debug */ = {
			isa = XCBuildConfiguration;
			buildSettings = {
				ASSETCATALOG_COMPILER_APPICON_NAME = AppIcon;
				INFOPLIST_FILE = DeviceAccessDemo/Info.plist;
				IPHONEOS_DEPLOYMENT_TARGET = 8.0;
				LD_RUNPATH_SEARCH_PATHS = "$(inherited) @executable_path/Frameworks";
				PRODUCT_BUNDLE_IDENTIFIER = com.gerinn.DeviceAccessDemo;
				PRODUCT_NAME = "$(TARGET_NAME)";
			};
			name = Debug;
		};
		D472F1391C228B340070F8C4 /* Release */ = {
			isa = XCBuildConfiguration;
			buildSettings = {
				ASSETCATALOG_COMPILER_APPICON_NAME = AppIcon;
				INFOPLIST_FILE = DeviceAccessDemo/Info.plist;
				IPHONEOS_DEPLOYMENT_TARGET = 8.0;
				LD_RUNPATH_SEARCH_PATHS = "$(inherited) @executable_path/Frameworks";
				PRODUCT_BUNDLE_IDENTIFIER = com.gerinn.DeviceAccessDemo;
				PRODUCT_NAME = "$(TARGET_NAME)";
			};
			name = Release;
		};
/* End XCBuildConfiguration section */

/* Begin XCConfigurationList section */
		D472F11B1C228B340070F8C4 /* Build configuration list for PBXProject "DeviceAccessDemo" */ = {
			isa = XCConfigurationList;
			buildConfigurations = (
				D472F1351C228B340070F8C4 /* Debug */,
				D472F1361C228B340070F8C4 /* Release */,
			);
			defaultConfigurationIsVisible = 0;
			defaultConfigurationName = Release;
		};
		D472F1371C228B340070F8C4 /* Build configuration list for PBXNativeTarget "DeviceAccessDemo" */ = {
			isa = XCConfigurationList;
			buildConfigurations = (
				D472F1381C228B340070F8C4 /* Debug */,
				D472F1391C228B340070F8C4 /* Release */,
			);
			defaultConfigurationIsVisible = 0;
			defaultConfigurationName = Release;
		};
/* End XCConfigurationList section */
	};
	rootObject = D472F1181C228B340070F8C4 /* Project object */;
}
